
Microsoft Visual Studio Solution File, Format Version 12.00
# Visual Studio Version 17
VisualStudioVersion = 17.14.36518.9
MinimumVisualStudioVersion = 10.0.40219.1
Project("{2150E333-8FDC-42A3-9474-1A3956D46DE8}") = "Task0", "Task0", "{02EA681E-C7D8-13C7-8484-4AC65E1B71E8}"
EndProject
Project("{FAE04EC0-301F-11D3-BF4B-00C04F79EFBC}") = "Tyuiu.ShahabAJ2.Sprint2.Task0.V6", "Tyuiu.ShahabAJ2.Sprint2.Task0.V6\Tyuiu.ShahabAJ2.Sprint2.Task0.V6.csproj", "{05339318-DF6C-84AC-BC39-FAC1DC80EED1}"
EndProject
Project("{FAE04EC0-301F-11D3-BF4B-00C04F79EFBC}") = "Tyuiu.ShahabAJ2.Sprint2.Task0.V6.Lib", "Tyuiu.ShahabAJ2.Sprint2.Task0.V6.Lib\Tyuiu.ShahabAJ2.Sprint2.Task0.V6.Lib.csproj", "{D67B2BD7-CF7B-FB28-3806-7DA7518E7AB6}"
EndProject
Project("{FAE04EC0-301F-11D3-BF4B-00C04F79EFBC}") = "Tyuiu.ShahabAJ2.Sprint2.Task0.V6.Test", "Tyuiu.ShahabAJ2.Sprint2.Task0.V6.Test\Tyuiu.ShahabAJ2.Sprint2.Task0.V6.Test.csproj", "{C492D865-BDC3-3F4B-E11F-FE74CDDC6329}"
EndProject
Project("{2150E333-8FDC-42A3-9474-1A3956D46DE8}") = "Task1", "Task1", "{9AFF1D4C-69D3-4A3B-A98E-B11C83408BBA}"
EndProject
Project("{FAE04EC0-301F-11D3-BF4B-00C04F79EFBC}") = "Tyuiu.ShahabAJ2.Spint2.Task1.V30", "Tyuiu.ShahabAJ2.Spint2.Task1.V30\Tyuiu.ShahabAJ2.Spint2.Task1.V30.csproj", "{F6535C41-8E29-4546-B96C-8581BF36544A}"
EndProject
Project("{FAE04EC0-301F-11D3-BF4B-00C04F79EFBC}") = "Tyuiu.ShahabAJ2.Spint2.Task1.V30.Lib", "Tyuiu.ShahabAJ2.Spint2.Task1.V30.Lib\Tyuiu.ShahabAJ2.Spint2.Task1.V30.Lib.csproj", "{2F9F899C-E1C6-413C-A7AB-2A9D7DF5AF76}"
EndProject
Project("{FAE04EC0-301F-11D3-BF4B-00C04F79EFBC}") = "Tyuiu.ShahabAJ2.Spint2.Task1.V30.Test", "Tyuiu.ShahabAJ2.Spint2.Task1.V30.Test\Tyuiu.ShahabAJ2.Spint2.Task1.V30.Test.csproj", "{6D6561E7-68B4-4904-903F-A3A8F44A195E}"
EndProject
Project("{2150E333-8FDC-42A3-9474-1A3956D46DE8}") = "Task2", "Task2", "{A2D9AC1F-2886-4685-AD84-AE5D3ED333B7}"
EndProject
Project("{FAE04EC0-301F-11D3-BF4B-00C04F79EFBC}") = "Tyuiu.ShahabAJ2.Sprint2.Task2.V25", "Tyuiu.ShahabAJ2.Sprint2.Task2.V25\Tyuiu.ShahabAJ2.Sprint2.Task2.V25.csproj", "{094B0A13-85B1-40A4-9B54-E6C8936524EB}"
EndProject
Project("{FAE04EC0-301F-11D3-BF4B-00C04F79EFBC}") = "Tyuiu.ShahabAJ2.Sprint2.Task2.V25.Lib", "Tyuiu.ShahabAJ2.Sprint2.Task2.V25.Lib\Tyuiu.ShahabAJ2.Sprint2.Task2.V25.Lib.csproj", "{0E612534-7541-4383-9EB0-65785850A29E}"
EndProject
Project("{FAE04EC0-301F-11D3-BF4B-00C04F79EFBC}") = "Tyuiu.ShahabAJ2.Sprint2.Task2.V25.Test", "Tyuiu.ShahabAJ2.Sprint2.Task2.V25.Test\Tyuiu.ShahabAJ2.Sprint2.Task2.V25.Test.csproj", "{13B22ECD-24F4-4F1B-AB9A-8A0E6BA411C9}"
EndProject
Project("{2150E333-8FDC-42A3-9474-1A3956D46DE8}") = "Task3", "Task3", "{C581CB1B-8E88-4BF2-B4FA-5D349E3D4DAC}"
EndProject
Project("{FAE04EC0-301F-11D3-BF4B-00C04F79EFBC}") = "Tyuiu.ShahabA.J2Sprint2.Task3.V12", "Tyuiu.ShahabA.J2Sprint2.Task3.V12\Tyuiu.ShahabA.J2Sprint2.Task3.V12.csproj", "{BC7C275B-FBB7-411F-B467-C8EB5A370240}"
EndProject
Project("{FAE04EC0-301F-11D3-BF4B-00C04F79EFBC}") = "Tyuiu.ShahabA.J2Sprint2.Task3.V12.Lib", "Tyuiu.ShahabA.J2Sprint2.Task3.V12.Lib\Tyuiu.ShahabA.J2Sprint2.Task3.V12.Lib.csproj", "{1F3C1C9D-9BA0-44CC-9714-BC5C51394AA2}"
EndProject
Project("{FAE04EC0-301F-11D3-BF4B-00C04F79EFBC}") = "Tyuiu.ShahabA.J2Sprint2.Task3.V12.Test", "Tyuiu.ShahabA.J2Sprint2.Task3.V12.Test\Tyuiu.ShahabA.J2Sprint2.Task3.V12.Test.csproj", "{5217D076-62F2-4399-819C-FB0180B0DE8A}"
EndProject
Project("{2150E333-8FDC-42A3-9474-1A3956D46DE8}") = "Task4", "Task4", "{78EAEE12-1249-4F6D-B003-F007B2FC2DEF}"
EndProject
Project("{FAE04EC0-301F-11D3-BF4B-00C04F79EFBC}") = "Tyuiu.ShahabAJ2.Sprint2.Task4.V2", "Tyuiu.ShahabAJ2.Sprint2.Task4.V2\Tyuiu.ShahabAJ2.Sprint2.Task4.V2.csproj", "{4533FA86-C32D-47A4-9623-D9CA416E88AA}"
EndProject
Project("{FAE04EC0-301F-11D3-BF4B-00C04F79EFBC}") = "Tyuiu.ShahabAJ2.Sprint2.Task4.V2.Lib", "Tyuiu.ShahabAJ2.Sprint2.Task4.V2.Lib\Tyuiu.ShahabAJ2.Sprint2.Task4.V2.Lib.csproj", "{32133B31-969B-4D90-B4B4-73D2F41E5E31}"
EndProject
Project("{FAE04EC0-301F-11D3-BF4B-00C04F79EFBC}") = "Tyuiu.ShahabAJ2.Sprint2.Task4.V2.Test", "Tyuiu.ShahabAJ2.Sprint2.Task4.V2.Test\Tyuiu.ShahabAJ2.Sprint2.Task4.V2.Test.csproj", "{101E2D38-3C76-4DA1-9AAA-EF401C3F4930}"
EndProject
Project("{2150E333-8FDC-42A3-9474-1A3956D46DE8}") = "Task5", "Task5", "{2BF3881F-5783-4E3D-8B85-E1BC7FF8F45A}"
EndProject
Project("{FAE04EC0-301F-11D3-BF4B-00C04F79EFBC}") = "Tyuiu.ShahabAJ2.Sprint2.Task5.V12", "Tyuiu.ShahabAJ2.Sprint2.Task5.V12\Tyuiu.ShahabAJ2.Sprint2.Task5.V12.csproj", "{FC3DAC6C-6925-49B8-A569-B90B74273967}"
EndProject
Project("{FAE04EC0-301F-11D3-BF4B-00C04F79EFBC}") = "Tyuiu.ShahabAJ2.Sprint2.Task5.V12.Lib", "Tyuiu.ShahabAJ2.Sprint2.Task5.V12.Lib\Tyuiu.ShahabAJ2.Sprint2.Task5.V12.Lib.csproj", "{EEF500A6-3740-46A2-9F0B-DD155E645059}"
EndProject
Project("{FAE04EC0-301F-11D3-BF4B-00C04F79EFBC}") = "Tyuiu.ShahabAJ2.Sprint2.Task5.V12.Test", "Tyuiu.ShahabAJ2.Sprint2.Task5.V12.Test\Tyuiu.ShahabAJ2.Sprint2.Task5.V12.Test.csproj", "{6642E678-F2E7-46E2-9D17-9EA1896D11A7}"
EndProject
Global
	GlobalSection(SolutionConfigurationPlatforms) = preSolution
		Debug|Any CPU = Debug|Any CPU
		Release|Any CPU = Release|Any CPU
	EndGlobalSection
	GlobalSection(ProjectConfigurationPlatforms) = postSolution
		{05339318-DF6C-84AC-BC39-FAC1DC80EED1}.Debug|Any CPU.ActiveCfg = Debug|Any CPU
		{05339318-DF6C-84AC-BC39-FAC1DC80EED1}.Debug|Any CPU.Build.0 = Debug|Any CPU
		{05339318-DF6C-84AC-BC39-FAC1DC80EED1}.Release|Any CPU.ActiveCfg = Release|Any CPU
		{05339318-DF6C-84AC-BC39-FAC1DC80EED1}.Release|Any CPU.Build.0 = Release|Any CPU
		{D67B2BD7-CF7B-FB28-3806-7DA7518E7AB6}.Debug|Any CPU.ActiveCfg = Debug|Any CPU
		{D67B2BD7-CF7B-FB28-3806-7DA7518E7AB6}.Debug|Any CPU.Build.0 = Debug|Any CPU
		{D67B2BD7-CF7B-FB28-3806-7DA7518E7AB6}.Release|Any CPU.ActiveCfg = Release|Any CPU
		{D67B2BD7-CF7B-FB28-3806-7DA7518E7AB6}.Release|Any CPU.Build.0 = Release|Any CPU
		{C492D865-BDC3-3F4B-E11F-FE74CDDC6329}.Debug|Any CPU.ActiveCfg = Debug|Any CPU
		{C492D865-BDC3-3F4B-E11F-FE74CDDC6329}.Debug|Any CPU.Build.0 = Debug|Any CPU
		{C492D865-BDC3-3F4B-E11F-FE74CDDC6329}.Release|Any CPU.ActiveCfg = Release|Any CPU
		{C492D865-BDC3-3F4B-E11F-FE74CDDC6329}.Release|Any CPU.Build.0 = Release|Any CPU
		{F6535C41-8E29-4546-B96C-8581BF36544A}.Debug|Any CPU.ActiveCfg = Debug|Any CPU
		{F6535C41-8E29-4546-B96C-8581BF36544A}.Debug|Any CPU.Build.0 = Debug|Any CPU
		{F6535C41-8E29-4546-B96C-8581BF36544A}.Release|Any CPU.ActiveCfg = Release|Any CPU
		{F6535C41-8E29-4546-B96C-8581BF36544A}.Release|Any CPU.Build.0 = Release|Any CPU
		{2F9F899C-E1C6-413C-A7AB-2A9D7DF5AF76}.Debug|Any CPU.ActiveCfg = Debug|Any CPU
		{2F9F899C-E1C6-413C-A7AB-2A9D7DF5AF76}.Debug|Any CPU.Build.0 = Debug|Any CPU
		{2F9F899C-E1C6-413C-A7AB-2A9D7DF5AF76}.Release|Any CPU.ActiveCfg = Release|Any CPU
		{2F9F899C-E1C6-413C-A7AB-2A9D7DF5AF76}.Release|Any CPU.Build.0 = Release|Any CPU
		{6D6561E7-68B4-4904-903F-A3A8F44A195E}.Debug|Any CPU.ActiveCfg = Debug|Any CPU
		{6D6561E7-68B4-4904-903F-A3A8F44A195E}.Debug|Any CPU.Build.0 = Debug|Any CPU
		{6D6561E7-68B4-4904-903F-A3A8F44A195E}.Release|Any CPU.ActiveCfg = Release|Any CPU
		{6D6561E7-68B4-4904-903F-A3A8F44A195E}.Release|Any CPU.Build.0 = Release|Any CPU
		{094B0A13-85B1-40A4-9B54-E6C8936524EB}.Debug|Any CPU.ActiveCfg = Debug|Any CPU
		{094B0A13-85B1-40A4-9B54-E6C8936524EB}.Debug|Any CPU.Build.0 = Debug|Any CPU
		{094B0A13-85B1-40A4-9B54-E6C8936524EB}.Release|Any CPU.ActiveCfg = Release|Any CPU
		{094B0A13-85B1-40A4-9B54-E6C8936524EB}.Release|Any CPU.Build.0 = Release|Any CPU
		{0E612534-7541-4383-9EB0-65785850A29E}.Debug|Any CPU.ActiveCfg = Debug|Any CPU
		{0E612534-7541-4383-9EB0-65785850A29E}.Debug|Any CPU.Build.0 = Debug|Any CPU
		{0E612534-7541-4383-9EB0-65785850A29E}.Release|Any CPU.ActiveCfg = Release|Any CPU
		{0E612534-7541-4383-9EB0-65785850A29E}.Release|Any CPU.Build.0 = Release|Any CPU
		{13B22ECD-24F4-4F1B-AB9A-8A0E6BA411C9}.Debug|Any CPU.ActiveCfg = Debug|Any CPU
		{13B22ECD-24F4-4F1B-AB9A-8A0E6BA411C9}.Debug|Any CPU.Build.0 = Debug|Any CPU
		{13B22ECD-24F4-4F1B-AB9A-8A0E6BA411C9}.Release|Any CPU.ActiveCfg = Release|Any CPU
		{13B22ECD-24F4-4F1B-AB9A-8A0E6BA411C9}.Release|Any CPU.Build.0 = Release|Any CPU
		{BC7C275B-FBB7-411F-B467-C8EB5A370240}.Debug|Any CPU.ActiveCfg = Debug|Any CPU
		{BC7C275B-FBB7-411F-B467-C8EB5A370240}.Debug|Any CPU.Build.0 = Debug|Any CPU
		{BC7C275B-FBB7-411F-B467-C8EB5A370240}.Release|Any CPU.ActiveCfg = Release|Any CPU
		{BC7C275B-FBB7-411F-B467-C8EB5A370240}.Release|Any CPU.Build.0 = Release|Any CPU
		{1F3C1C9D-9BA0-44CC-9714-BC5C51394AA2}.Debug|Any CPU.ActiveCfg = Debug|Any CPU
		{1F3C1C9D-9BA0-44CC-9714-BC5C51394AA2}.Debug|Any CPU.Build.0 = Debug|Any CPU
		{1F3C1C9D-9BA0-44CC-9714-BC5C51394AA2}.Release|Any CPU.ActiveCfg = Release|Any CPU
		{1F3C1C9D-9BA0-44CC-9714-BC5C51394AA2}.Release|Any CPU.Build.0 = Release|Any CPU
		{5217D076-62F2-4399-819C-FB0180B0DE8A}.Debug|Any CPU.ActiveCfg = Debug|Any CPU
		{5217D076-62F2-4399-819C-FB0180B0DE8A}.Debug|Any CPU.Build.0 = Debug|Any CPU
		{5217D076-62F2-4399-819C-FB0180B0DE8A}.Release|Any CPU.ActiveCfg = Release|Any CPU
		{5217D076-62F2-4399-819C-FB0180B0DE8A}.Release|Any CPU.Build.0 = Release|Any CPU
		{4533FA86-C32D-47A4-9623-D9CA416E88AA}.Debug|Any CPU.ActiveCfg = Debug|Any CPU
		{4533FA86-C32D-47A4-9623-D9CA416E88AA}.Debug|Any CPU.Build.0 = Debug|Any CPU
		{4533FA86-C32D-47A4-9623-D9CA416E88AA}.Release|Any CPU.ActiveCfg = Release|Any CPU
		{4533FA86-C32D-47A4-9623-D9CA416E88AA}.Release|Any CPU.Build.0 = Release|Any CPU
		{32133B31-969B-4D90-B4B4-73D2F41E5E31}.Debug|Any CPU.ActiveCfg = Debug|Any CPU
		{32133B31-969B-4D90-B4B4-73D2F41E5E31}.Debug|Any CPU.Build.0 = Debug|Any CPU
		{32133B31-969B-4D90-B4B4-73D2F41E5E31}.Release|Any CPU.ActiveCfg = Release|Any CPU
		{32133B31-969B-4D90-B4B4-73D2F41E5E31}.Release|Any CPU.Build.0 = Release|Any CPU
		{101E2D38-3C76-4DA1-9AAA-EF401C3F4930}.Debug|Any CPU.ActiveCfg = Debug|Any CPU
		{101E2D38-3C76-4DA1-9AAA-EF401C3F4930}.Debug|Any CPU.Build.0 = Debug|Any CPU
		{101E2D38-3C76-4DA1-9AAA-EF401C3F4930}.Release|Any CPU.ActiveCfg = Release|Any CPU
		{101E2D38-3C76-4DA1-9AAA-EF401C3F4930}.Release|Any CPU.Build.0 = Release|Any CPU
		{FC3DAC6C-6925-49B8-A569-B90B74273967}.Debug|Any CPU.ActiveCfg = Debug|Any CPU
		{FC3DAC6C-6925-49B8-A569-B90B74273967}.Debug|Any CPU.Build.0 = Debug|Any CPU
		{FC3DAC6C-6925-49B8-A569-B90B74273967}.Release|Any CPU.ActiveCfg = Release|Any CPU
		{FC3DAC6C-6925-49B8-A569-B90B74273967}.Release|Any CPU.Build.0 = Release|Any CPU
		{EEF500A6-3740-46A2-9F0B-DD155E645059}.Debug|Any CPU.ActiveCfg = Debug|Any CPU
		{EEF500A6-3740-46A2-9F0B-DD155E645059}.Debug|Any CPU.Build.0 = Debug|Any CPU
		{EEF500A6-3740-46A2-9F0B-DD155E645059}.Release|Any CPU.ActiveCfg = Release|Any CPU
		{EEF500A6-3740-46A2-9F0B-DD155E645059}.Release|Any CPU.Build.0 = Release|Any CPU
		{6642E678-F2E7-46E2-9D17-9EA1896D11A7}.Debug|Any CPU.ActiveCfg = Debug|Any CPU
		{6642E678-F2E7-46E2-9D17-9EA1896D11A7}.Debug|Any CPU.Build.0 = Debug|Any CPU
		{6642E678-F2E7-46E2-9D17-9EA1896D11A7}.Release|Any CPU.ActiveCfg = Release|Any CPU
		{6642E678-F2E7-46E2-9D17-9EA1896D11A7}.Release|Any CPU.Build.0 = Release|Any CPU
	EndGlobalSection
	GlobalSection(SolutionProperties) = preSolution
		HideSolutionNode = FALSE
	EndGlobalSection
	GlobalSection(NestedProjects) = preSolution
		{05339318-DF6C-84AC-BC39-FAC1DC80EED1} = {02EA681E-C7D8-13C7-8484-4AC65E1B71E8}
		{D67B2BD7-CF7B-FB28-3806-7DA7518E7AB6} = {02EA681E-C7D8-13C7-8484-4AC65E1B71E8}
		{C492D865-BDC3-3F4B-E11F-FE74CDDC6329} = {02EA681E-C7D8-13C7-8484-4AC65E1B71E8}
		{F6535C41-8E29-4546-B96C-8581BF36544A} = {9AFF1D4C-69D3-4A3B-A98E-B11C83408BBA}
		{2F9F899C-E1C6-413C-A7AB-2A9D7DF5AF76} = {9AFF1D4C-69D3-4A3B-A98E-B11C83408BBA}
		{6D6561E7-68B4-4904-903F-A3A8F44A195E} = {9AFF1D4C-69D3-4A3B-A98E-B11C83408BBA}
		{094B0A13-85B1-40A4-9B54-E6C8936524EB} = {A2D9AC1F-2886-4685-AD84-AE5D3ED333B7}
		{0E612534-7541-4383-9EB0-65785850A29E} = {A2D9AC1F-2886-4685-AD84-AE5D3ED333B7}
		{13B22ECD-24F4-4F1B-AB9A-8A0E6BA411C9} = {A2D9AC1F-2886-4685-AD84-AE5D3ED333B7}
		{BC7C275B-FBB7-411F-B467-C8EB5A370240} = {C581CB1B-8E88-4BF2-B4FA-5D349E3D4DAC}
		{1F3C1C9D-9BA0-44CC-9714-BC5C51394AA2} = {C581CB1B-8E88-4BF2-B4FA-5D349E3D4DAC}
		{5217D076-62F2-4399-819C-FB0180B0DE8A} = {C581CB1B-8E88-4BF2-B4FA-5D349E3D4DAC}
		{4533FA86-C32D-47A4-9623-D9CA416E88AA} = {78EAEE12-1249-4F6D-B003-F007B2FC2DEF}
		{32133B31-969B-4D90-B4B4-73D2F41E5E31} = {78EAEE12-1249-4F6D-B003-F007B2FC2DEF}
		{101E2D38-3C76-4DA1-9AAA-EF401C3F4930} = {78EAEE12-1249-4F6D-B003-F007B2FC2DEF}
		{FC3DAC6C-6925-49B8-A569-B90B74273967} = {2BF3881F-5783-4E3D-8B85-E1BC7FF8F45A}
		{EEF500A6-3740-46A2-9F0B-DD155E645059} = {2BF3881F-5783-4E3D-8B85-E1BC7FF8F45A}
		{6642E678-F2E7-46E2-9D17-9EA1896D11A7} = {2BF3881F-5783-4E3D-8B85-E1BC7FF8F45A}
	EndGlobalSection
	GlobalSection(ExtensibilityGlobals) = postSolution
		SolutionGuid = {E7CEB26D-F5ED-443F-BFBE-9F596BC76973}
	EndGlobalSection
EndGlobal
