
Microsoft Visual Studio Solution File, Format Version 12.00
# Visual Studio Version 17
VisualStudioVersion = 17.14.36518.9
MinimumVisualStudioVersion = 10.0.40219.1
Project("{2150E333-8FDC-42A3-9474-1A3956D46DE8}") = "Task0", "Task0", "{02EA681E-C7D8-13C7-8484-4AC65E1B71E8}"
EndProject
Project("{FAE04EC0-301F-11D3-BF4B-00C04F79EFBC}") = "Tyuiu.ShahabAJ2.Sprint2.Task0.V6", "Tyuiu.ShahabAJ2.Sprint2.Task0.V6\Tyuiu.ShahabAJ2.Sprint2.Task0.V6.csproj", "{05339318-DF6C-84AC-BC39-FAC1DC80EED1}"
EndProject
Project("{FAE04EC0-301F-11D3-BF4B-00C04F79EFBC}") = "Tyuiu.ShahabAJ2.Sprint2.Task0.V6.Lib", "Tyuiu.ShahabAJ2.Sprint2.Task0.V6.Lib\Tyuiu.ShahabAJ2.Sprint2.Task0.V6.Lib.csproj", "{D67B2BD7-CF7B-FB28-3806-7DA7518E7AB6}"
EndProject
Project("{FAE04EC0-301F-11D3-BF4B-00C04F79EFBC}") = "Tyuiu.ShahabAJ2.Sprint2.Task0.V6.Test", "Tyuiu.ShahabAJ2.Sprint2.Task0.V6.Test\Tyuiu.ShahabAJ2.Sprint2.Task0.V6.Test.csproj", "{C492D865-BDC3-3F4B-E11F-FE74CDDC6329}"
EndProject
Project("{2150E333-8FDC-42A3-9474-1A3956D46DE8}") = "Task2", "Task2", "{A2D9AC1F-2886-4685-AD84-AE5D3ED333B7}"
EndProject
Project("{FAE04EC0-301F-11D3-BF4B-00C04F79EFBC}") = "Tyuiu.ShahabAJ2.Sprint2.Task2.V25", "Tyuiu.ShahabAJ2.Sprint2.Task2.V25\Tyuiu.ShahabAJ2.Sprint2.Task2.V25.csproj", "{094B0A13-85B1-40A4-9B54-E6C8936524EB}"
EndProject
Project("{FAE04EC0-301F-11D3-BF4B-00C04F79EFBC}") = "Tyuiu.ShahabAJ2.Sprint2.Task2.V25.Lib", "Tyuiu.ShahabAJ2.Sprint2.Task2.V25.Lib\Tyuiu.ShahabAJ2.Sprint2.Task2.V25.Lib.csproj", "{0E612534-7541-4383-9EB0-65785850A29E}"
EndProject
Project("{FAE04EC0-301F-11D3-BF4B-00C04F79EFBC}") = "Tyuiu.ShahabAJ2.Sprint2.Task2.V25.Test", "Tyuiu.ShahabAJ2.Sprint2.Task2.V25.Test\Tyuiu.ShahabAJ2.Sprint2.Task2.V25.Test.csproj", "{13B22ECD-24F4-4F1B-AB9A-8A0E6BA411C9}"
EndProject
Project("{2150E333-8FDC-42A3-9474-1A3956D46DE8}") = "Task4", "Task4", "{78EAEE12-1249-4F6D-B003-F007B2FC2DEF}"
EndProject
Project("{FAE04EC0-301F-11D3-BF4B-00C04F79EFBC}") = "Tyuiu.ShahabAJ2.Sprint2.Task4.V2", "Tyuiu.ShahabAJ2.Sprint2.Task4.V2\Tyuiu.ShahabAJ2.Sprint2.Task4.V2.csproj", "{4533FA86-C32D-47A4-9623-D9CA416E88AA}"
EndProject
Project("{FAE04EC0-301F-11D3-BF4B-00C04F79EFBC}") = "Tyuiu.ShahabAJ2.Sprint2.Task4.V2.Lib", "Tyuiu.ShahabAJ2.Sprint2.Task4.V2.Lib\Tyuiu.ShahabAJ2.Sprint2.Task4.V2.Lib.csproj", "{32133B31-969B-4D90-B4B4-73D2F41E5E31}"
EndProject
Project("{FAE04EC0-301F-11D3-BF4B-00C04F79EFBC}") = "Tyuiu.ShahabAJ2.Sprint2.Task4.V2.Test", "Tyuiu.ShahabAJ2.Sprint2.Task4.V2.Test\Tyuiu.ShahabAJ2.Sprint2.Task4.V2.Test.csproj", "{101E2D38-3C76-4DA1-9AAA-EF401C3F4930}"
EndProject
Project("{2150E333-8FDC-42A3-9474-1A3956D46DE8}") = "Task5", "Task5", "{2BF3881F-5783-4E3D-8B85-E1BC7FF8F45A}"
EndProject
Project("{FAE04EC0-301F-11D3-BF4B-00C04F79EFBC}") = "Tyuiu.ShahabAJ2.Sprint2.Task5.V12", "Tyuiu.ShahabAJ2.Sprint2.Task5.V12\Tyuiu.ShahabAJ2.Sprint2.Task5.V12.csproj", "{FC3DAC6C-6925-49B8-A569-B90B74273967}"
EndProject
Project("{FAE04EC0-301F-11D3-BF4B-00C04F79EFBC}") = "Tyuiu.ShahabAJ2.Sprint2.Task5.V12.Lib", "Tyuiu.ShahabAJ2.Sprint2.Task5.V12.Lib\Tyuiu.ShahabAJ2.Sprint2.Task5.V12.Lib.csproj", "{EEF500A6-3740-46A2-9F0B-DD155E645059}"
EndProject
Project("{FAE04EC0-301F-11D3-BF4B-00C04F79EFBC}") = "Tyuiu.ShahabAJ2.Sprint2.Task5.V12.Test", "Tyuiu.ShahabAJ2.Sprint2.Task5.V12.Test\Tyuiu.ShahabAJ2.Sprint2.Task5.V12.Test.csproj", "{6642E678-F2E7-46E2-9D17-9EA1896D11A7}"
EndProject
Project("{2150E333-8FDC-42A3-9474-1A3956D46DE8}") = "Task6", "Task6", "{758BF161-0BDE-4746-ABBE-8F79BA76AFE5}"
EndProject
Project("{FAE04EC0-301F-11D3-BF4B-00C04F79EFBC}") = "Tyuiu.ShahabAJ2.Sprint2.Task6.V12", "Tyuiu.ShahabAJ2.Sprint2.Task6.V12\Tyuiu.ShahabAJ2.Sprint2.Task6.V12.csproj", "{542D64EA-4E52-474F-889A-2FD3ED969D93}"
EndProject
Project("{FAE04EC0-301F-11D3-BF4B-00C04F79EFBC}") = "Tyuiu.ShahabAJ2.Sprint2.Task6.V12.Lib", "Tyuiu.ShahabAJ2.Sprint2.Task6.V12.Lib\Tyuiu.ShahabAJ2.Sprint2.Task6.V12.Lib.csproj", "{A74A8BB1-1575-4569-B72C-C91B6FE6741A}"
EndProject
Project("{FAE04EC0-301F-11D3-BF4B-00C04F79EFBC}") = "Tyuiu.ShahabAJ2.Sprint2.Task6.V12.Test", "Tyuiu.ShahabAJ2.Sprint2.Task6.V12.Test\Tyuiu.ShahabAJ2.Sprint2.Task6.V12.Test.csproj", "{834492F1-3005-44C2-90BA-2696F057E36F}"
EndProject
Project("{2150E333-8FDC-42A3-9474-1A3956D46DE8}") = "Task7", "Task7", "{53C9F652-C022-4E70-A443-59D3C96B72D0}"
EndProject
Project("{FAE04EC0-301F-11D3-BF4B-00C04F79EFBC}") = "Tyuiu.ShahabAJ2.Sprint2.Task7.V1", "Tyuiu.ShahabAJ2.Sprint2.Task7.V1\Tyuiu.ShahabAJ2.Sprint2.Task7.V1.csproj", "{8FFBC133-4773-40C6-B3E5-E0C30C3B51BE}"
EndProject
Project("{FAE04EC0-301F-11D3-BF4B-00C04F79EFBC}") = "Tyuiu.ShahabAJ2.Sprint2.Task7.V1.Lib", "Tyuiu.ShahabAJ2.Sprint2.Task7.V1.Lib\Tyuiu.ShahabAJ2.Sprint2.Task7.V1.Lib.csproj", "{3E1206D0-6788-4021-A43A-4D91920D8DEE}"
EndProject
Project("{FAE04EC0-301F-11D3-BF4B-00C04F79EFBC}") = "Tyuiu.ShahabAJ2.Sprint2.Task7.V1.Test", "Tyuiu.ShahabAJ2.Sprint2.Task7.V1.Test\Tyuiu.ShahabAJ2.Sprint2.Task7.V1.Test.csproj", "{8D7C354E-684C-4117-96D0-721A3E11147E}"
EndProject
Project("{2150E333-8FDC-42A3-9474-1A3956D46DE8}") = "Task1", "Task1", "{612BFABE-C8BA-4450-9D81-20C6882D90B1}"
EndProject
Project("{FAE04EC0-301F-11D3-BF4B-00C04F79EFBC}") = "Tyuiu.ShahabAJ2.Sprint2.Task1.V30", "Tyuiu.ShahabAJ2.Sprint2.Task1.V30\Tyuiu.ShahabAJ2.Sprint2.Task1.V30.csproj", "{7231162C-EC24-4A43-88B1-86912113C640}"
EndProject
Project("{FAE04EC0-301F-11D3-BF4B-00C04F79EFBC}") = "Tyuiu.ShahabAJ2.Sprint2.Task1.V30.Lib", "Tyuiu.ShahabAJ2.Sprint2.Task1.V30.Lib\Tyuiu.ShahabAJ2.Sprint2.Task1.V30.Lib.csproj", "{E37E526D-90D1-44DD-85CD-3583FB695D0B}"
EndProject
Project("{FAE04EC0-301F-11D3-BF4B-00C04F79EFBC}") = "Tyuiu.ShahabAJ2.Sprint2.Task1.V30.Test", "Tyuiu.ShahabAJ2.Sprint2.Task1.V30.Test\Tyuiu.ShahabAJ2.Sprint2.Task1.V30.Test.csproj", "{B422B5C5-189F-4A87-BC32-06882FA1AB31}"
EndProject
Project("{2150E333-8FDC-42A3-9474-1A3956D46DE8}") = "NewFolder1", "NewFolder1", "{C82926E2-982D-489D-8392-6B29CF9ABD38}"
EndProject
Project("{2150E333-8FDC-42A3-9474-1A3956D46DE8}") = "Task3", "Task3", "{369CB01D-A1A7-72D2-AABC-3F0945D148A2}"
EndProject
Project("{FAE04EC0-301F-11D3-BF4B-00C04F79EFBC}") = "Tyuiu.ShahabAJ2.Sprint2.Task3.V12", "Tyuiu.ShahabAJ2.Sprint2.Task3.V12\Tyuiu.ShahabAJ2.Sprint2.Task3.V12.csproj", "{FE9A6A7C-AB0B-4D7B-99AA-6ED22EB6A91A}"
EndProject
Project("{FAE04EC0-301F-11D3-BF4B-00C04F79EFBC}") = "Tyuiu.ShahabAJ2.Sprint2.Task3.V12.Lib", "Tyuiu.ShahabAJ2.Sprint2.Task3.V12.Lib\Tyuiu.ShahabAJ2.Sprint2.Task3.V12.Lib.csproj", "{72B0A483-7363-41F4-88F7-3376A65E0DC1}"
EndProject
Project("{FAE04EC0-301F-11D3-BF4B-00C04F79EFBC}") = "Tyuiu.ShahabAJ2.Sprint2.Task3.V12.Test", "Tyuiu.ShahabAJ2.Sprint2.Task3.V12.Test\Tyuiu.ShahabAJ2.Sprint2.Task3.V12.Test.csproj", "{D4D55326-12B3-4EBF-9135-78AF167CB159}"
EndProject
Global
	GlobalSection(SolutionConfigurationPlatforms) = preSolution
		Debug|Any CPU = Debug|Any CPU
		Release|Any CPU = Release|Any CPU
	EndGlobalSection
	GlobalSection(ProjectConfigurationPlatforms) = postSolution
		{05339318-DF6C-84AC-BC39-FAC1DC80EED1}.Debug|Any CPU.ActiveCfg = Debug|Any CPU
		{05339318-DF6C-84AC-BC39-FAC1DC80EED1}.Debug|Any CPU.Build.0 = Debug|Any CPU
		{05339318-DF6C-84AC-BC39-FAC1DC80EED1}.Release|Any CPU.ActiveCfg = Release|Any CPU
		{05339318-DF6C-84AC-BC39-FAC1DC80EED1}.Release|Any CPU.Build.0 = Release|Any CPU
		{D67B2BD7-CF7B-FB28-3806-7DA7518E7AB6}.Debug|Any CPU.ActiveCfg = Debug|Any CPU
		{D67B2BD7-CF7B-FB28-3806-7DA7518E7AB6}.Debug|Any CPU.Build.0 = Debug|Any CPU
		{D67B2BD7-CF7B-FB28-3806-7DA7518E7AB6}.Release|Any CPU.ActiveCfg = Release|Any CPU
		{D67B2BD7-CF7B-FB28-3806-7DA7518E7AB6}.Release|Any CPU.Build.0 = Release|Any CPU
		{C492D865-BDC3-3F4B-E11F-FE74CDDC6329}.Debug|Any CPU.ActiveCfg = Debug|Any CPU
		{C492D865-BDC3-3F4B-E11F-FE74CDDC6329}.Debug|Any CPU.Build.0 = Debug|Any CPU
		{C492D865-BDC3-3F4B-E11F-FE74CDDC6329}.Release|Any CPU.ActiveCfg = Release|Any CPU
		{C492D865-BDC3-3F4B-E11F-FE74CDDC6329}.Release|Any CPU.Build.0 = Release|Any CPU
		{094B0A13-85B1-40A4-9B54-E6C8936524EB}.Debug|Any CPU.ActiveCfg = Debug|Any CPU
		{094B0A13-85B1-40A4-9B54-E6C8936524EB}.Debug|Any CPU.Build.0 = Debug|Any CPU
		{094B0A13-85B1-40A4-9B54-E6C8936524EB}.Release|Any CPU.ActiveCfg = Release|Any CPU
		{094B0A13-85B1-40A4-9B54-E6C8936524EB}.Release|Any CPU.Build.0 = Release|Any CPU
		{0E612534-7541-4383-9EB0-65785850A29E}.Debug|Any CPU.ActiveCfg = Debug|Any CPU
		{0E612534-7541-4383-9EB0-65785850A29E}.Debug|Any CPU.Build.0 = Debug|Any CPU
		{0E612534-7541-4383-9EB0-65785850A29E}.Release|Any CPU.ActiveCfg = Release|Any CPU
		{0E612534-7541-4383-9EB0-65785850A29E}.Release|Any CPU.Build.0 = Release|Any CPU
		{13B22ECD-24F4-4F1B-AB9A-8A0E6BA411C9}.Debug|Any CPU.ActiveCfg = Debug|Any CPU
		{13B22ECD-24F4-4F1B-AB9A-8A0E6BA411C9}.Debug|Any CPU.Build.0 = Debug|Any CPU
		{13B22ECD-24F4-4F1B-AB9A-8A0E6BA411C9}.Release|Any CPU.ActiveCfg = Release|Any CPU
		{13B22ECD-24F4-4F1B-AB9A-8A0E6BA411C9}.Release|Any CPU.Build.0 = Release|Any CPU
		{4533FA86-C32D-47A4-9623-D9CA416E88AA}.Debug|Any CPU.ActiveCfg = Debug|Any CPU
		{4533FA86-C32D-47A4-9623-D9CA416E88AA}.Debug|Any CPU.Build.0 = Debug|Any CPU
		{4533FA86-C32D-47A4-9623-D9CA416E88AA}.Release|Any CPU.ActiveCfg = Release|Any CPU
		{4533FA86-C32D-47A4-9623-D9CA416E88AA}.Release|Any CPU.Build.0 = Release|Any CPU
		{32133B31-969B-4D90-B4B4-73D2F41E5E31}.Debug|Any CPU.ActiveCfg = Debug|Any CPU
		{32133B31-969B-4D90-B4B4-73D2F41E5E31}.Debug|Any CPU.Build.0 = Debug|Any CPU
		{32133B31-969B-4D90-B4B4-73D2F41E5E31}.Release|Any CPU.ActiveCfg = Release|Any CPU
		{32133B31-969B-4D90-B4B4-73D2F41E5E31}.Release|Any CPU.Build.0 = Release|Any CPU
		{101E2D38-3C76-4DA1-9AAA-EF401C3F4930}.Debug|Any CPU.ActiveCfg = Debug|Any CPU
		{101E2D38-3C76-4DA1-9AAA-EF401C3F4930}.Debug|Any CPU.Build.0 = Debug|Any CPU
		{101E2D38-3C76-4DA1-9AAA-EF401C3F4930}.Release|Any CPU.ActiveCfg = Release|Any CPU
		{101E2D38-3C76-4DA1-9AAA-EF401C3F4930}.Release|Any CPU.Build.0 = Release|Any CPU
		{FC3DAC6C-6925-49B8-A569-B90B74273967}.Debug|Any CPU.ActiveCfg = Debug|Any CPU
		{FC3DAC6C-6925-49B8-A569-B90B74273967}.Debug|Any CPU.Build.0 = Debug|Any CPU
		{FC3DAC6C-6925-49B8-A569-B90B74273967}.Release|Any CPU.ActiveCfg = Release|Any CPU
		{FC3DAC6C-6925-49B8-A569-B90B74273967}.Release|Any CPU.Build.0 = Release|Any CPU
		{EEF500A6-3740-46A2-9F0B-DD155E645059}.Debug|Any CPU.ActiveCfg = Debug|Any CPU
		{EEF500A6-3740-46A2-9F0B-DD155E645059}.Debug|Any CPU.Build.0 = Debug|Any CPU
		{EEF500A6-3740-46A2-9F0B-DD155E645059}.Release|Any CPU.ActiveCfg = Release|Any CPU
		{EEF500A6-3740-46A2-9F0B-DD155E645059}.Release|Any CPU.Build.0 = Release|Any CPU
		{6642E678-F2E7-46E2-9D17-9EA1896D11A7}.Debug|Any CPU.ActiveCfg = Debug|Any CPU
		{6642E678-F2E7-46E2-9D17-9EA1896D11A7}.Debug|Any CPU.Build.0 = Debug|Any CPU
		{6642E678-F2E7-46E2-9D17-9EA1896D11A7}.Release|Any CPU.ActiveCfg = Release|Any CPU
		{6642E678-F2E7-46E2-9D17-9EA1896D11A7}.Release|Any CPU.Build.0 = Release|Any CPU
		{542D64EA-4E52-474F-889A-2FD3ED969D93}.Debug|Any CPU.ActiveCfg = Debug|Any CPU
		{542D64EA-4E52-474F-889A-2FD3ED969D93}.Debug|Any CPU.Build.0 = Debug|Any CPU
		{542D64EA-4E52-474F-889A-2FD3ED969D93}.Release|Any CPU.ActiveCfg = Release|Any CPU
		{542D64EA-4E52-474F-889A-2FD3ED969D93}.Release|Any CPU.Build.0 = Release|Any CPU
		{A74A8BB1-1575-4569-B72C-C91B6FE6741A}.Debug|Any CPU.ActiveCfg = Debug|Any CPU
		{A74A8BB1-1575-4569-B72C-C91B6FE6741A}.Debug|Any CPU.Build.0 = Debug|Any CPU
		{A74A8BB1-1575-4569-B72C-C91B6FE6741A}.Release|Any CPU.ActiveCfg = Release|Any CPU
		{A74A8BB1-1575-4569-B72C-C91B6FE6741A}.Release|Any CPU.Build.0 = Release|Any CPU
		{834492F1-3005-44C2-90BA-2696F057E36F}.Debug|Any CPU.ActiveCfg = Debug|Any CPU
		{834492F1-3005-44C2-90BA-2696F057E36F}.Debug|Any CPU.Build.0 = Debug|Any CPU
		{834492F1-3005-44C2-90BA-2696F057E36F}.Release|Any CPU.ActiveCfg = Release|Any CPU
		{834492F1-3005-44C2-90BA-2696F057E36F}.Release|Any CPU.Build.0 = Release|Any CPU
		{8FFBC133-4773-40C6-B3E5-E0C30C3B51BE}.Debug|Any CPU.ActiveCfg = Debug|Any CPU
		{8FFBC133-4773-40C6-B3E5-E0C30C3B51BE}.Debug|Any CPU.Build.0 = Debug|Any CPU
		{8FFBC133-4773-40C6-B3E5-E0C30C3B51BE}.Release|Any CPU.ActiveCfg = Release|Any CPU
		{8FFBC133-4773-40C6-B3E5-E0C30C3B51BE}.Release|Any CPU.Build.0 = Release|Any CPU
		{3E1206D0-6788-4021-A43A-4D91920D8DEE}.Debug|Any CPU.ActiveCfg = Debug|Any CPU
		{3E1206D0-6788-4021-A43A-4D91920D8DEE}.Debug|Any CPU.Build.0 = Debug|Any CPU
		{3E1206D0-6788-4021-A43A-4D91920D8DEE}.Release|Any CPU.ActiveCfg = Release|Any CPU
		{3E1206D0-6788-4021-A43A-4D91920D8DEE}.Release|Any CPU.Build.0 = Release|Any CPU
		{8D7C354E-684C-4117-96D0-721A3E11147E}.Debug|Any CPU.ActiveCfg = Debug|Any CPU
		{8D7C354E-684C-4117-96D0-721A3E11147E}.Debug|Any CPU.Build.0 = Debug|Any CPU
		{8D7C354E-684C-4117-96D0-721A3E11147E}.Release|Any CPU.ActiveCfg = Release|Any CPU
		{8D7C354E-684C-4117-96D0-721A3E11147E}.Release|Any CPU.Build.0 = Release|Any CPU
		{7231162C-EC24-4A43-88B1-86912113C640}.Debug|Any CPU.ActiveCfg = Debug|Any CPU
		{7231162C-EC24-4A43-88B1-86912113C640}.Debug|Any CPU.Build.0 = Debug|Any CPU
		{7231162C-EC24-4A43-88B1-86912113C640}.Release|Any CPU.ActiveCfg = Release|Any CPU
		{7231162C-EC24-4A43-88B1-86912113C640}.Release|Any CPU.Build.0 = Release|Any CPU
		{E37E526D-90D1-44DD-85CD-3583FB695D0B}.Debug|Any CPU.ActiveCfg = Debug|Any CPU
		{E37E526D-90D1-44DD-85CD-3583FB695D0B}.Debug|Any CPU.Build.0 = Debug|Any CPU
		{E37E526D-90D1-44DD-85CD-3583FB695D0B}.Release|Any CPU.ActiveCfg = Release|Any CPU
		{E37E526D-90D1-44DD-85CD-3583FB695D0B}.Release|Any CPU.Build.0 = Release|Any CPU
		{B422B5C5-189F-4A87-BC32-06882FA1AB31}.Debug|Any CPU.ActiveCfg = Debug|Any CPU
		{B422B5C5-189F-4A87-BC32-06882FA1AB31}.Debug|Any CPU.Build.0 = Debug|Any CPU
		{B422B5C5-189F-4A87-BC32-06882FA1AB31}.Release|Any CPU.ActiveCfg = Release|Any CPU
		{B422B5C5-189F-4A87-BC32-06882FA1AB31}.Release|Any CPU.Build.0 = Release|Any CPU
		{FE9A6A7C-AB0B-4D7B-99AA-6ED22EB6A91A}.Debug|Any CPU.ActiveCfg = Debug|Any CPU
		{FE9A6A7C-AB0B-4D7B-99AA-6ED22EB6A91A}.Debug|Any CPU.Build.0 = Debug|Any CPU
		{FE9A6A7C-AB0B-4D7B-99AA-6ED22EB6A91A}.Release|Any CPU.ActiveCfg = Release|Any CPU
		{FE9A6A7C-AB0B-4D7B-99AA-6ED22EB6A91A}.Release|Any CPU.Build.0 = Release|Any CPU
		{72B0A483-7363-41F4-88F7-3376A65E0DC1}.Debug|Any CPU.ActiveCfg = Debug|Any CPU
		{72B0A483-7363-41F4-88F7-3376A65E0DC1}.Debug|Any CPU.Build.0 = Debug|Any CPU
		{72B0A483-7363-41F4-88F7-3376A65E0DC1}.Release|Any CPU.ActiveCfg = Release|Any CPU
		{72B0A483-7363-41F4-88F7-3376A65E0DC1}.Release|Any CPU.Build.0 = Release|Any CPU
		{D4D55326-12B3-4EBF-9135-78AF167CB159}.Debug|Any CPU.ActiveCfg = Debug|Any CPU
		{D4D55326-12B3-4EBF-9135-78AF167CB159}.Debug|Any CPU.Build.0 = Debug|Any CPU
		{D4D55326-12B3-4EBF-9135-78AF167CB159}.Release|Any CPU.ActiveCfg = Release|Any CPU
		{D4D55326-12B3-4EBF-9135-78AF167CB159}.Release|Any CPU.Build.0 = Release|Any CPU
	EndGlobalSection
	GlobalSection(SolutionProperties) = preSolution
		HideSolutionNode = FALSE
	EndGlobalSection
	GlobalSection(NestedProjects) = preSolution
		{05339318-DF6C-84AC-BC39-FAC1DC80EED1} = {02EA681E-C7D8-13C7-8484-4AC65E1B71E8}
		{D67B2BD7-CF7B-FB28-3806-7DA7518E7AB6} = {02EA681E-C7D8-13C7-8484-4AC65E1B71E8}
		{C492D865-BDC3-3F4B-E11F-FE74CDDC6329} = {02EA681E-C7D8-13C7-8484-4AC65E1B71E8}
		{094B0A13-85B1-40A4-9B54-E6C8936524EB} = {A2D9AC1F-2886-4685-AD84-AE5D3ED333B7}
		{0E612534-7541-4383-9EB0-65785850A29E} = {A2D9AC1F-2886-4685-AD84-AE5D3ED333B7}
		{13B22ECD-24F4-4F1B-AB9A-8A0E6BA411C9} = {A2D9AC1F-2886-4685-AD84-AE5D3ED333B7}
		{4533FA86-C32D-47A4-9623-D9CA416E88AA} = {78EAEE12-1249-4F6D-B003-F007B2FC2DEF}
		{32133B31-969B-4D90-B4B4-73D2F41E5E31} = {78EAEE12-1249-4F6D-B003-F007B2FC2DEF}
		{101E2D38-3C76-4DA1-9AAA-EF401C3F4930} = {78EAEE12-1249-4F6D-B003-F007B2FC2DEF}
		{FC3DAC6C-6925-49B8-A569-B90B74273967} = {2BF3881F-5783-4E3D-8B85-E1BC7FF8F45A}
		{EEF500A6-3740-46A2-9F0B-DD155E645059} = {2BF3881F-5783-4E3D-8B85-E1BC7FF8F45A}
		{6642E678-F2E7-46E2-9D17-9EA1896D11A7} = {2BF3881F-5783-4E3D-8B85-E1BC7FF8F45A}
		{542D64EA-4E52-474F-889A-2FD3ED969D93} = {758BF161-0BDE-4746-ABBE-8F79BA76AFE5}
		{A74A8BB1-1575-4569-B72C-C91B6FE6741A} = {758BF161-0BDE-4746-ABBE-8F79BA76AFE5}
		{834492F1-3005-44C2-90BA-2696F057E36F} = {758BF161-0BDE-4746-ABBE-8F79BA76AFE5}
		{8FFBC133-4773-40C6-B3E5-E0C30C3B51BE} = {53C9F652-C022-4E70-A443-59D3C96B72D0}
		{3E1206D0-6788-4021-A43A-4D91920D8DEE} = {53C9F652-C022-4E70-A443-59D3C96B72D0}
		{8D7C354E-684C-4117-96D0-721A3E11147E} = {53C9F652-C022-4E70-A443-59D3C96B72D0}
		{7231162C-EC24-4A43-88B1-86912113C640} = {612BFABE-C8BA-4450-9D81-20C6882D90B1}
		{E37E526D-90D1-44DD-85CD-3583FB695D0B} = {612BFABE-C8BA-4450-9D81-20C6882D90B1}
		{B422B5C5-189F-4A87-BC32-06882FA1AB31} = {612BFABE-C8BA-4450-9D81-20C6882D90B1}
		{FE9A6A7C-AB0B-4D7B-99AA-6ED22EB6A91A} = {369CB01D-A1A7-72D2-AABC-3F0945D148A2}
		{72B0A483-7363-41F4-88F7-3376A65E0DC1} = {369CB01D-A1A7-72D2-AABC-3F0945D148A2}
		{D4D55326-12B3-4EBF-9135-78AF167CB159} = {369CB01D-A1A7-72D2-AABC-3F0945D148A2}
	EndGlobalSection
	GlobalSection(ExtensibilityGlobals) = postSolution
		SolutionGuid = {E7CEB26D-F5ED-443F-BFBE-9F596BC76973}
	EndGlobalSection
EndGlobal
