
Microsoft Visual Studio Solution File, Format Version 12.00
# Visual Studio Version 17
VisualStudioVersion = 17.14.36518.9
MinimumVisualStudioVersion = 10.0.40219.1
Project("{2150E333-8FDC-42A3-9474-1A3956D46DE8}") = "Task0", "Task0", "{02EA681E-C7D8-13C7-8484-4AC65E1B71E8}"
EndProject
Project("{FAE04EC0-301F-11D3-BF4B-00C04F79EFBC}") = "Tyuiu.ShahabAJ2.Sprint2.Task0.V6", "Tyuiu.ShahabAJ2.Sprint2.Task0.V6\Tyuiu.ShahabAJ2.Sprint2.Task0.V6.csproj", "{05339318-DF6C-84AC-BC39-FAC1DC80EED1}"
EndProject
Project("{FAE04EC0-301F-11D3-BF4B-00C04F79EFBC}") = "Tyuiu.ShahabAJ2.Sprint2.Task0.V6.Lib", "Tyuiu.ShahabAJ2.Sprint2.Task0.V6.Lib\Tyuiu.ShahabAJ2.Sprint2.Task0.V6.Lib.csproj", "{D67B2BD7-CF7B-FB28-3806-7DA7518E7AB6}"
EndProject
Project("{FAE04EC0-301F-11D3-BF4B-00C04F79EFBC}") = "Tyuiu.ShahabAJ2.Sprint2.Task0.V6.Test", "Tyuiu.ShahabAJ2.Sprint2.Task0.V6.Test\Tyuiu.ShahabAJ2.Sprint2.Task0.V6.Test.csproj", "{C492D865-BDC3-3F4B-E11F-FE74CDDC6329}"
EndProject
Project("{2150E333-8FDC-42A3-9474-1A3956D46DE8}") = "Task1", "Task1", "{9AFF1D4C-69D3-4A3B-A98E-B11C83408BBA}"
EndProject
Project("{FAE04EC0-301F-11D3-BF4B-00C04F79EFBC}") = "Tyuiu.ShahabAJ2.Spint2.Task1.V30", "Tyuiu.ShahabAJ2.Spint2.Task1.V30\Tyuiu.ShahabAJ2.Spint2.Task1.V30.csproj", "{F6535C41-8E29-4546-B96C-8581BF36544A}"
EndProject
Project("{FAE04EC0-301F-11D3-BF4B-00C04F79EFBC}") = "Tyuiu.ShahabAJ2.Spint2.Task1.V30.Lib", "Tyuiu.ShahabAJ2.Spint2.Task1.V30.Lib\Tyuiu.ShahabAJ2.Spint2.Task1.V30.Lib.csproj", "{2F9F899C-E1C6-413C-A7AB-2A9D7DF5AF76}"
EndProject
Project("{FAE04EC0-301F-11D3-BF4B-00C04F79EFBC}") = "Tyuiu.ShahabAJ2.Spint2.Task1.V30.Test", "Tyuiu.ShahabAJ2.Spint2.Task1.V30.Test\Tyuiu.ShahabAJ2.Spint2.Task1.V30.Test.csproj", "{6D6561E7-68B4-4904-903F-A3A8F44A195E}"
EndProject
Project("{2150E333-8FDC-42A3-9474-1A3956D46DE8}") = "Task2", "Task2", "{2CEE866C-BAE9-428E-8427-981965B09053}"
EndProject
Project("{FAE04EC0-301F-11D3-BF4B-00C04F79EFBC}") = "Tyuiu.ShahabAJ2.Sprint2.Task2.V6", "Tyuiu.ShahabAJ2.Sprint2.Task2.V6\Tyuiu.ShahabAJ2.Sprint2.Task2.V6.csproj", "{D7E2A48E-697E-4FBC-86FB-6C47A2461B88}"
EndProject
Project("{FAE04EC0-301F-11D3-BF4B-00C04F79EFBC}") = "Tyuiu.ShahabAJ2.Sprint2.Task2.V6.Lib", "Tyuiu.ShahabAJ2.Sprint2.Task2.V6.Lib\Tyuiu.ShahabAJ2.Sprint2.Task2.V6.Lib.csproj", "{6F82580D-E14C-440F-BDA8-AB261729E630}"
EndProject
Project("{FAE04EC0-301F-11D3-BF4B-00C04F79EFBC}") = "Tyuiu.ShahabAJ2.Sprint2.Task2.V6.Test", "Tyuiu.ShahabAJ2.Sprint2.Task2.V6.Test\Tyuiu.ShahabAJ2.Sprint2.Task2.V6.Test.csproj", "{6E98C925-E970-4BC3-B7B4-509087F7CC89}"
EndProject
Global
	GlobalSection(SolutionConfigurationPlatforms) = preSolution
		Debug|Any CPU = Debug|Any CPU
		Release|Any CPU = Release|Any CPU
	EndGlobalSection
	GlobalSection(ProjectConfigurationPlatforms) = postSolution
		{05339318-DF6C-84AC-BC39-FAC1DC80EED1}.Debug|Any CPU.ActiveCfg = Debug|Any CPU
		{05339318-DF6C-84AC-BC39-FAC1DC80EED1}.Debug|Any CPU.Build.0 = Debug|Any CPU
		{05339318-DF6C-84AC-BC39-FAC1DC80EED1}.Release|Any CPU.ActiveCfg = Release|Any CPU
		{05339318-DF6C-84AC-BC39-FAC1DC80EED1}.Release|Any CPU.Build.0 = Release|Any CPU
		{D67B2BD7-CF7B-FB28-3806-7DA7518E7AB6}.Debug|Any CPU.ActiveCfg = Debug|Any CPU
		{D67B2BD7-CF7B-FB28-3806-7DA7518E7AB6}.Debug|Any CPU.Build.0 = Debug|Any CPU
		{D67B2BD7-CF7B-FB28-3806-7DA7518E7AB6}.Release|Any CPU.ActiveCfg = Release|Any CPU
		{D67B2BD7-CF7B-FB28-3806-7DA7518E7AB6}.Release|Any CPU.Build.0 = Release|Any CPU
		{C492D865-BDC3-3F4B-E11F-FE74CDDC6329}.Debug|Any CPU.ActiveCfg = Debug|Any CPU
		{C492D865-BDC3-3F4B-E11F-FE74CDDC6329}.Debug|Any CPU.Build.0 = Debug|Any CPU
		{C492D865-BDC3-3F4B-E11F-FE74CDDC6329}.Release|Any CPU.ActiveCfg = Release|Any CPU
		{C492D865-BDC3-3F4B-E11F-FE74CDDC6329}.Release|Any CPU.Build.0 = Release|Any CPU
		{F6535C41-8E29-4546-B96C-8581BF36544A}.Debug|Any CPU.ActiveCfg = Debug|Any CPU
		{F6535C41-8E29-4546-B96C-8581BF36544A}.Debug|Any CPU.Build.0 = Debug|Any CPU
		{F6535C41-8E29-4546-B96C-8581BF36544A}.Release|Any CPU.ActiveCfg = Release|Any CPU
		{F6535C41-8E29-4546-B96C-8581BF36544A}.Release|Any CPU.Build.0 = Release|Any CPU
		{2F9F899C-E1C6-413C-A7AB-2A9D7DF5AF76}.Debug|Any CPU.ActiveCfg = Debug|Any CPU
		{2F9F899C-E1C6-413C-A7AB-2A9D7DF5AF76}.Debug|Any CPU.Build.0 = Debug|Any CPU
		{2F9F899C-E1C6-413C-A7AB-2A9D7DF5AF76}.Release|Any CPU.ActiveCfg = Release|Any CPU
		{2F9F899C-E1C6-413C-A7AB-2A9D7DF5AF76}.Release|Any CPU.Build.0 = Release|Any CPU
		{6D6561E7-68B4-4904-903F-A3A8F44A195E}.Debug|Any CPU.ActiveCfg = Debug|Any CPU
		{6D6561E7-68B4-4904-903F-A3A8F44A195E}.Debug|Any CPU.Build.0 = Debug|Any CPU
		{6D6561E7-68B4-4904-903F-A3A8F44A195E}.Release|Any CPU.ActiveCfg = Release|Any CPU
		{6D6561E7-68B4-4904-903F-A3A8F44A195E}.Release|Any CPU.Build.0 = Release|Any CPU
		{D7E2A48E-697E-4FBC-86FB-6C47A2461B88}.Debug|Any CPU.ActiveCfg = Debug|Any CPU
		{D7E2A48E-697E-4FBC-86FB-6C47A2461B88}.Debug|Any CPU.Build.0 = Debug|Any CPU
		{D7E2A48E-697E-4FBC-86FB-6C47A2461B88}.Release|Any CPU.ActiveCfg = Release|Any CPU
		{D7E2A48E-697E-4FBC-86FB-6C47A2461B88}.Release|Any CPU.Build.0 = Release|Any CPU
		{6F82580D-E14C-440F-BDA8-AB261729E630}.Debug|Any CPU.ActiveCfg = Debug|Any CPU
		{6F82580D-E14C-440F-BDA8-AB261729E630}.Debug|Any CPU.Build.0 = Debug|Any CPU
		{6F82580D-E14C-440F-BDA8-AB261729E630}.Release|Any CPU.ActiveCfg = Release|Any CPU
		{6F82580D-E14C-440F-BDA8-AB261729E630}.Release|Any CPU.Build.0 = Release|Any CPU
		{6E98C925-E970-4BC3-B7B4-509087F7CC89}.Debug|Any CPU.ActiveCfg = Debug|Any CPU
		{6E98C925-E970-4BC3-B7B4-509087F7CC89}.Debug|Any CPU.Build.0 = Debug|Any CPU
		{6E98C925-E970-4BC3-B7B4-509087F7CC89}.Release|Any CPU.ActiveCfg = Release|Any CPU
		{6E98C925-E970-4BC3-B7B4-509087F7CC89}.Release|Any CPU.Build.0 = Release|Any CPU
	EndGlobalSection
	GlobalSection(SolutionProperties) = preSolution
		HideSolutionNode = FALSE
	EndGlobalSection
	GlobalSection(NestedProjects) = preSolution
		{05339318-DF6C-84AC-BC39-FAC1DC80EED1} = {02EA681E-C7D8-13C7-8484-4AC65E1B71E8}
		{D67B2BD7-CF7B-FB28-3806-7DA7518E7AB6} = {02EA681E-C7D8-13C7-8484-4AC65E1B71E8}
		{C492D865-BDC3-3F4B-E11F-FE74CDDC6329} = {02EA681E-C7D8-13C7-8484-4AC65E1B71E8}
		{F6535C41-8E29-4546-B96C-8581BF36544A} = {9AFF1D4C-69D3-4A3B-A98E-B11C83408BBA}
		{2F9F899C-E1C6-413C-A7AB-2A9D7DF5AF76} = {9AFF1D4C-69D3-4A3B-A98E-B11C83408BBA}
		{6D6561E7-68B4-4904-903F-A3A8F44A195E} = {9AFF1D4C-69D3-4A3B-A98E-B11C83408BBA}
		{D7E2A48E-697E-4FBC-86FB-6C47A2461B88} = {2CEE866C-BAE9-428E-8427-981965B09053}
		{6F82580D-E14C-440F-BDA8-AB261729E630} = {2CEE866C-BAE9-428E-8427-981965B09053}
		{6E98C925-E970-4BC3-B7B4-509087F7CC89} = {2CEE866C-BAE9-428E-8427-981965B09053}
	EndGlobalSection
	GlobalSection(ExtensibilityGlobals) = postSolution
		SolutionGuid = {E7CEB26D-F5ED-443F-BFBE-9F596BC76973}
	EndGlobalSection
EndGlobal
